{
  "originHash" : "09dd18ff879d9caa82b011b948441bb08791f68f2a9662b35915c63381c1c413",
  "pins" : [
    {
      "identity" : "javascriptkit",
      "kind" : "remoteSourceControl",
      "location" : "https://github.com/swiftwasm/JavaScriptKit.git",
      "state" : {
        "branch" : "yt/embedded-fix",
        "revision" : "a2c2963f1e730be63398f24b7d1ac52ddf6cce17"
      }
    },
    {
      "identity" : "swift-syntax",
      "kind" : "remoteSourceControl",
      "location" : "https://github.com/swiftlang/swift-syntax",
      "state" : {
        "revision" : "0687f71944021d616d34d922343dcef086855920",
        "version" : "600.0.1"
      }
    },
    {
      "identity" : "webapikit",
      "kind" : "remoteSourceControl",
      "location" : "https://github.com/swiftwasm/WebAPIKit.git",
      "state" : {
        "branch" : "main",
        "revision" : "2832a10fdfd8b4990591d2b72d35cfacf7c647f3"
      }
    }
  ],
  "version" : 3
}
