{
  "originHash" : "78d4c78903f08d936d36ab5b76f8b1098413d1b183a55c2f385b3f32a7b53682",
  "pins" : [
    {
      "identity" : "javascriptkit",
      "kind" : "remoteSourceControl",
      "location" : "https://github.com/swiftwasm/JavaScriptKit.git",
      "state" : {
        "branch" : "yt/embedded-fix",
        "revision" : "a2c2963f1e730be63398f24b7d1ac52ddf6cce17"
      }
    },
    {
      "identity" : "swift-syntax",
      "kind" : "remoteSourceControl",
      "location" : "https://github.com/swiftlang/swift-syntax",
      "state" : {
        "revision" : "0687f71944021d616d34d922343dcef086855920",
        "version" : "600.0.1"
      }
    },
    {
      "identity" : "webapikit",
      "kind" : "remoteSourceControl",
      "location" : "https://github.com/swiftwasm/WebAPIKit.git",
      "state" : {
        "branch" : "main",
        "revision" : "2832a10fdfd8b4990591d2b72d35cfacf7c647f3"
      }
    }
  ],
  "version" : 3
}
